// !$*UTF8*$!
{
	archiveVersion = 1;
	classes = {
	};
	objectVersion = 56;
	objects = {

/* Begin PBXBuildFile section */
		095AFA902D59DD500078FD15 /* AppDelegate.swift in Sources */ = {isa = PBXBuildFile; fileRef = 095AFA8F2D59DD500078FD15 /* AppDelegate.swift */; };
		095AFA922D59DD500078FD15 /* SceneDelegate.swift in Sources */ = {isa = PBXBuildFile; fileRef = 095AFA912D59DD500078FD15 /* SceneDelegate.swift */; };
		095AFA942D59DD500078FD15 /* ViewController.swift in Sources */ = {isa = PBXBuildFile; fileRef = 095AFA932D59DD500078FD15 /* ViewController.swift */; };
		095AFA972D59DD500078FD15 /* Main.storyboard in Resources */ = {isa = PBXBuildFile; fileRef = 095AFA952D59DD500078FD15 /* Main.storyboard */; };
		095AFA992D59DD520078FD15 /* Assets.xcassets in Resources */ = {isa = PBXBuildFile; fileRef = 095AFA982D59DD520078FD15 /* Assets.xcassets */; };
		095AFA9C2D59DD520078FD15 /* LaunchScreen.storyboard in Resources */ = {isa = PBXBuildFile; fileRef = 095AFA9A2D59DD520078FD15 /* LaunchScreen.storyboard */; };
		095AFAA42D59DF2F0078FD15 /* .gitignore in Resources */ = {isa = PBXBuildFile; fileRef = 095AFAA32D59DF2F0078FD15 /* .gitignore */; };
		095AFAA72D59DF580078FD15 /* APIKey.swift in Sources */ = {isa = PBXBuildFile; fileRef = 095AFAA62D59DF580078FD15 /* APIKey.swift */; };
		095AFAAA2D59E07D0078FD15 /* Alamofire in Frameworks */ = {isa = PBXBuildFile; productRef = 095AFAA92D59E07D0078FD15 /* Alamofire */; };
		095AFAAD2D59E0860078FD15 /* Kingfisher in Frameworks */ = {isa = PBXBuildFile; productRef = 095AFAAC2D59E0860078FD15 /* Kingfisher */; };
		095AFAB52D59E23F0078FD15 /* FontStyle.swift in Sources */ = {isa = PBXBuildFile; fileRef = 095AFAB42D59E23F0078FD15 /* FontStyle.swift */; };
		095AFAB92D59E3040078FD15 /* ColorStyle.swift in Sources */ = {isa = PBXBuildFile; fileRef = 095AFAB82D59E3040078FD15 /* ColorStyle.swift */; };
		095AFABC2D59E3450078FD15 /* UIColor+Extension.swift in Sources */ = {isa = PBXBuildFile; fileRef = 095AFABB2D59E3450078FD15 /* UIColor+Extension.swift */; };
		095AFABF2D59E5580078FD15 /* Onboarding.storyboard in Resources */ = {isa = PBXBuildFile; fileRef = 095AFABE2D59E5580078FD15 /* Onboarding.storyboard */; };
		095AFAC12D59E5600078FD15 /* OnboardingViewController.swift in Sources */ = {isa = PBXBuildFile; fileRef = 095AFAC02D59E5600078FD15 /* OnboardingViewController.swift */; };
		095AFAC32D59E6130078FD15 /* UIButton+Extension.swift in Sources */ = {isa = PBXBuildFile; fileRef = 095AFAC22D59E6130078FD15 /* UIButton+Extension.swift */; };
		095AFAC52D59E6C80078FD15 /* BaseViewController.swift in Sources */ = {isa = PBXBuildFile; fileRef = 095AFAC42D59E6C80078FD15 /* BaseViewController.swift */; };
		095AFAC92D59E8870078FD15 /* Profile.storyboard in Resources */ = {isa = PBXBuildFile; fileRef = 095AFAC82D59E8870078FD15 /* Profile.storyboard */; };
		095AFACB2D59E88D0078FD15 /* ProfileViewController.swift in Sources */ = {isa = PBXBuildFile; fileRef = 095AFACA2D59E88D0078FD15 /* ProfileViewController.swift */; };
		095AFACD2D59E8920078FD15 /* ProfileImageViewController.swift in Sources */ = {isa = PBXBuildFile; fileRef = 095AFACC2D59E8920078FD15 /* ProfileImageViewController.swift */; };
		095AFACF2D59E8970078FD15 /* ProfileImageCollectionViewCell.swift in Sources */ = {isa = PBXBuildFile; fileRef = 095AFACE2D59E8970078FD15 /* ProfileImageCollectionViewCell.swift */; };
		095AFAD12D59E89C0078FD15 /* ProfileImageCollectionViewCell.xib in Resources */ = {isa = PBXBuildFile; fileRef = 095AFAD02D59E89C0078FD15 /* ProfileImageCollectionViewCell.xib */; };
		095AFAD52D59E9600078FD15 /* UITextField+Extension.swift in Sources */ = {isa = PBXBuildFile; fileRef = 095AFAD42D59E9600078FD15 /* UITextField+Extension.swift */; };
		095AFAD72D59E9D00078FD15 /* UIViewController+Extension.swift in Sources */ = {isa = PBXBuildFile; fileRef = 095AFAD62D59E9D00078FD15 /* UIViewController+Extension.swift */; };
		095AFADA2D59EA8E0078FD15 /* UserDefaultsManager.swift in Sources */ = {isa = PBXBuildFile; fileRef = 095AFAD92D59EA8E0078FD15 /* UserDefaultsManager.swift */; };
		095AFADC2D59EE200078FD15 /* UIView+Extension.swift in Sources */ = {isa = PBXBuildFile; fileRef = 095AFADB2D59EE200078FD15 /* UIView+Extension.swift */; };
		095AFADE2D59EF4A0078FD15 /* UIScrollView+Extension.swift in Sources */ = {isa = PBXBuildFile; fileRef = 095AFADD2D59EF4A0078FD15 /* UIScrollView+Extension.swift */; };
		095AFAE02D59EF950078FD15 /* UIImageView+Extension.swift in Sources */ = {isa = PBXBuildFile; fileRef = 095AFADF2D59EF950078FD15 /* UIImageView+Extension.swift */; };
		095AFAE32D59FC600078FD15 /* Setting.storyboard in Resources */ = {isa = PBXBuildFile; fileRef = 095AFAE22D59FC600078FD15 /* Setting.storyboard */; };
		095AFAE52D59FC650078FD15 /* SettingViewController.swift in Sources */ = {isa = PBXBuildFile; fileRef = 095AFAE42D59FC650078FD15 /* SettingViewController.swift */; };
		095AFAE72D59FC6B0078FD15 /* ProfileTableViewCell.swift in Sources */ = {isa = PBXBuildFile; fileRef = 095AFAE62D59FC6B0078FD15 /* ProfileTableViewCell.swift */; };
		095AFAE92D59FC730078FD15 /* ProfileTableViewCell.xib in Resources */ = {isa = PBXBuildFile; fileRef = 095AFAE82D59FC730078FD15 /* ProfileTableViewCell.xib */; };
		095AFAEB2D59FC790078FD15 /* SettingTableViewCell.xib in Resources */ = {isa = PBXBuildFile; fileRef = 095AFAEA2D59FC790078FD15 /* SettingTableViewCell.xib */; };
		095AFAED2D59FC7E0078FD15 /* SettingTableViewCell.swift in Sources */ = {isa = PBXBuildFile; fileRef = 095AFAEC2D59FC7E0078FD15 /* SettingTableViewCell.swift */; };
		095AFAEF2D59FD960078FD15 /* TextProcessingManager.swift in Sources */ = {isa = PBXBuildFile; fileRef = 095AFAEE2D59FD960078FD15 /* TextProcessingManager.swift */; };
		095AFAF12D59FF100078FD15 /* UIApplication+Extension.swift in Sources */ = {isa = PBXBuildFile; fileRef = 095AFAF02D59FF100078FD15 /* UIApplication+Extension.swift */; };
		095AFAF42D5B211F0078FD15 /* Shopping.swift in Sources */ = {isa = PBXBuildFile; fileRef = 095AFAF32D5B211F0078FD15 /* Shopping.swift */; };
		095AFAF62D5B21AC0078FD15 /* ShoppingAPI.swift in Sources */ = {isa = PBXBuildFile; fileRef = 095AFAF52D5B21AC0078FD15 /* ShoppingAPI.swift */; };
		095AFAFA2D5B21C60078FD15 /* SearchSessionManager.swift in Sources */ = {isa = PBXBuildFile; fileRef = 095AFAF92D5B21C60078FD15 /* SearchSessionManager.swift */; };
		095AFAFD2D5B22290078FD15 /* Search.storyboard in Resources */ = {isa = PBXBuildFile; fileRef = 095AFAFC2D5B22290078FD15 /* Search.storyboard */; };
		095AFAFF2D5B22310078FD15 /* SearchViewController.swift in Sources */ = {isa = PBXBuildFile; fileRef = 095AFAFE2D5B22310078FD15 /* SearchViewController.swift */; };
		095AFB012D5B22350078FD15 /* RecentSearchTableViewCell.swift in Sources */ = {isa = PBXBuildFile; fileRef = 095AFB002D5B22350078FD15 /* RecentSearchTableViewCell.swift */; };
		095AFB032D5B22390078FD15 /* RecentSearchTableViewCell.xib in Resources */ = {isa = PBXBuildFile; fileRef = 095AFB022D5B22390078FD15 /* RecentSearchTableViewCell.xib */; };
		095AFB052D5B22420078FD15 /* SearchResultViewController.swift in Sources */ = {isa = PBXBuildFile; fileRef = 095AFB042D5B22420078FD15 /* SearchResultViewController.swift */; };
		095AFB072D5B22470078FD15 /* SearchResultCollectionViewCell.swift in Sources */ = {isa = PBXBuildFile; fileRef = 095AFB062D5B22470078FD15 /* SearchResultCollectionViewCell.swift */; };
		095AFB092D5B22500078FD15 /* SearchResultCollectionViewCell.xib in Resources */ = {isa = PBXBuildFile; fileRef = 095AFB082D5B22500078FD15 /* SearchResultCollectionViewCell.xib */; };
		095AFB0B2D5B22560078FD15 /* SearchDetailViewController.swift in Sources */ = {isa = PBXBuildFile; fileRef = 095AFB0A2D5B22550078FD15 /* SearchDetailViewController.swift */; };
		095AFB0D2D5B24960078FD15 /* NumberFormatterManager.swift in Sources */ = {isa = PBXBuildFile; fileRef = 095AFB0C2D5B24960078FD15 /* NumberFormatterManager.swift */; };
		095AFB102D5B2D090078FD15 /* SortCollectionViewCell.swift in Sources */ = {isa = PBXBuildFile; fileRef = 095AFB0E2D5B2D090078FD15 /* SortCollectionViewCell.swift */; };
		095AFB112D5B2D090078FD15 /* SortCollectionViewCell.xib in Resources */ = {isa = PBXBuildFile; fileRef = 095AFB0F2D5B2D090078FD15 /* SortCollectionViewCell.xib */; };
		095AFB142D5B34F00078FD15 /* PaddingLabel.swift in Sources */ = {isa = PBXBuildFile; fileRef = 095AFB132D5B34F00078FD15 /* PaddingLabel.swift */; };
		095AFB162D5B383A0078FD15 /* BaseCollectionViewCell.swift in Sources */ = {isa = PBXBuildFile; fileRef = 095AFB152D5B383A0078FD15 /* BaseCollectionViewCell.swift */; };
		095AFB182D5B38430078FD15 /* BaseTableViewCell.swift in Sources */ = {isa = PBXBuildFile; fileRef = 095AFB172D5B38430078FD15 /* BaseTableViewCell.swift */; };
/* End PBXBuildFile section */

/* Begin PBXFileReference section */
		095AFA8C2D59DD500078FD15 /* Pickly.app */ = {isa = PBXFileReference; explicitFileType = wrapper.application; includeInIndex = 0; path = Pickly.app; sourceTree = BUILT_PRODUCTS_DIR; };
		095AFA8F2D59DD500078FD15 /* AppDelegate.swift */ = {isa = PBXFileReference; lastKnownFileType = sourcecode.swift; path = AppDelegate.swift; sourceTree = "<group>"; };
		095AFA912D59DD500078FD15 /* SceneDelegate.swift */ = {isa = PBXFileReference; lastKnownFileType = sourcecode.swift; path = SceneDelegate.swift; sourceTree = "<group>"; };
		095AFA932D59DD500078FD15 /* ViewController.swift */ = {isa = PBXFileReference; lastKnownFileType = sourcecode.swift; path = ViewController.swift; sourceTree = "<group>"; };
		095AFA962D59DD500078FD15 /* Base */ = {isa = PBXFileReference; lastKnownFileType = file.storyboard; name = Base; path = Base.lproj/Main.storyboard; sourceTree = "<group>"; };
		095AFA982D59DD520078FD15 /* Assets.xcassets */ = {isa = PBXFileReference; lastKnownFileType = folder.assetcatalog; path = Assets.xcassets; sourceTree = "<group>"; };
		095AFA9B2D59DD520078FD15 /* Base */ = {isa = PBXFileReference; lastKnownFileType = file.storyboard; name = Base; path = Base.lproj/LaunchScreen.storyboard; sourceTree = "<group>"; };
		095AFA9D2D59DD520078FD15 /* Info.plist */ = {isa = PBXFileReference; lastKnownFileType = text.plist.xml; path = Info.plist; sourceTree = "<group>"; };
		095AFAA32D59DF2F0078FD15 /* .gitignore */ = {isa = PBXFileReference; lastKnownFileType = text; path = .gitignore; sourceTree = "<group>"; };
		095AFAA62D59DF580078FD15 /* APIKey.swift */ = {isa = PBXFileReference; lastKnownFileType = sourcecode.swift; path = APIKey.swift; sourceTree = "<group>"; };
		095AFAB42D59E23F0078FD15 /* FontStyle.swift */ = {isa = PBXFileReference; lastKnownFileType = sourcecode.swift; path = FontStyle.swift; sourceTree = "<group>"; };
		095AFAB82D59E3040078FD15 /* ColorStyle.swift */ = {isa = PBXFileReference; lastKnownFileType = sourcecode.swift; path = ColorStyle.swift; sourceTree = "<group>"; };
		095AFABB2D59E3450078FD15 /* UIColor+Extension.swift */ = {isa = PBXFileReference; lastKnownFileType = sourcecode.swift; path = "UIColor+Extension.swift"; sourceTree = "<group>"; };
		095AFABE2D59E5580078FD15 /* Onboarding.storyboard */ = {isa = PBXFileReference; fileEncoding = 4; lastKnownFileType = file.storyboard; path = Onboarding.storyboard; sourceTree = "<group>"; };
		095AFAC02D59E5600078FD15 /* OnboardingViewController.swift */ = {isa = PBXFileReference; fileEncoding = 4; lastKnownFileType = sourcecode.swift; path = OnboardingViewController.swift; sourceTree = "<group>"; };
		095AFAC22D59E6130078FD15 /* UIButton+Extension.swift */ = {isa = PBXFileReference; lastKnownFileType = sourcecode.swift; path = "UIButton+Extension.swift"; sourceTree = "<group>"; };
		095AFAC42D59E6C80078FD15 /* BaseViewController.swift */ = {isa = PBXFileReference; lastKnownFileType = sourcecode.swift; path = BaseViewController.swift; sourceTree = "<group>"; };
		095AFAC82D59E8870078FD15 /* Profile.storyboard */ = {isa = PBXFileReference; fileEncoding = 4; lastKnownFileType = file.storyboard; path = Profile.storyboard; sourceTree = "<group>"; };
		095AFACA2D59E88D0078FD15 /* ProfileViewController.swift */ = {isa = PBXFileReference; fileEncoding = 4; lastKnownFileType = sourcecode.swift; path = ProfileViewController.swift; sourceTree = "<group>"; };
		095AFACC2D59E8920078FD15 /* ProfileImageViewController.swift */ = {isa = PBXFileReference; fileEncoding = 4; lastKnownFileType = sourcecode.swift; path = ProfileImageViewController.swift; sourceTree = "<group>"; };
		095AFACE2D59E8970078FD15 /* ProfileImageCollectionViewCell.swift */ = {isa = PBXFileReference; fileEncoding = 4; lastKnownFileType = sourcecode.swift; path = ProfileImageCollectionViewCell.swift; sourceTree = "<group>"; };
		095AFAD02D59E89C0078FD15 /* ProfileImageCollectionViewCell.xib */ = {isa = PBXFileReference; fileEncoding = 4; lastKnownFileType = file.xib; path = ProfileImageCollectionViewCell.xib; sourceTree = "<group>"; };
		095AFAD42D59E9600078FD15 /* UITextField+Extension.swift */ = {isa = PBXFileReference; fileEncoding = 4; lastKnownFileType = sourcecode.swift; path = "UITextField+Extension.swift"; sourceTree = "<group>"; };
		095AFAD62D59E9D00078FD15 /* UIViewController+Extension.swift */ = {isa = PBXFileReference; fileEncoding = 4; lastKnownFileType = sourcecode.swift; path = "UIViewController+Extension.swift"; sourceTree = "<group>"; };
		095AFAD92D59EA8E0078FD15 /* UserDefaultsManager.swift */ = {isa = PBXFileReference; fileEncoding = 4; lastKnownFileType = sourcecode.swift; path = UserDefaultsManager.swift; sourceTree = "<group>"; };
		095AFADB2D59EE200078FD15 /* UIView+Extension.swift */ = {isa = PBXFileReference; lastKnownFileType = sourcecode.swift; path = "UIView+Extension.swift"; sourceTree = "<group>"; };
		095AFADD2D59EF4A0078FD15 /* UIScrollView+Extension.swift */ = {isa = PBXFileReference; lastKnownFileType = sourcecode.swift; path = "UIScrollView+Extension.swift"; sourceTree = "<group>"; };
		095AFADF2D59EF950078FD15 /* UIImageView+Extension.swift */ = {isa = PBXFileReference; lastKnownFileType = sourcecode.swift; path = "UIImageView+Extension.swift"; sourceTree = "<group>"; };
		095AFAE22D59FC600078FD15 /* Setting.storyboard */ = {isa = PBXFileReference; fileEncoding = 4; lastKnownFileType = file.storyboard; path = Setting.storyboard; sourceTree = "<group>"; };
		095AFAE42D59FC650078FD15 /* SettingViewController.swift */ = {isa = PBXFileReference; fileEncoding = 4; lastKnownFileType = sourcecode.swift; path = SettingViewController.swift; sourceTree = "<group>"; };
		095AFAE62D59FC6B0078FD15 /* ProfileTableViewCell.swift */ = {isa = PBXFileReference; fileEncoding = 4; lastKnownFileType = sourcecode.swift; path = ProfileTableViewCell.swift; sourceTree = "<group>"; };
		095AFAE82D59FC730078FD15 /* ProfileTableViewCell.xib */ = {isa = PBXFileReference; fileEncoding = 4; lastKnownFileType = file.xib; path = ProfileTableViewCell.xib; sourceTree = "<group>"; };
		095AFAEA2D59FC790078FD15 /* SettingTableViewCell.xib */ = {isa = PBXFileReference; fileEncoding = 4; lastKnownFileType = file.xib; path = SettingTableViewCell.xib; sourceTree = "<group>"; };
		095AFAEC2D59FC7E0078FD15 /* SettingTableViewCell.swift */ = {isa = PBXFileReference; fileEncoding = 4; lastKnownFileType = sourcecode.swift; path = SettingTableViewCell.swift; sourceTree = "<group>"; };
		095AFAEE2D59FD960078FD15 /* TextProcessingManager.swift */ = {isa = PBXFileReference; lastKnownFileType = sourcecode.swift; path = TextProcessingManager.swift; sourceTree = "<group>"; };
		095AFAF02D59FF100078FD15 /* UIApplication+Extension.swift */ = {isa = PBXFileReference; lastKnownFileType = sourcecode.swift; path = "UIApplication+Extension.swift"; sourceTree = "<group>"; };
		095AFAF32D5B211F0078FD15 /* Shopping.swift */ = {isa = PBXFileReference; lastKnownFileType = sourcecode.swift; path = Shopping.swift; sourceTree = "<group>"; };
		095AFAF52D5B21AC0078FD15 /* ShoppingAPI.swift */ = {isa = PBXFileReference; fileEncoding = 4; lastKnownFileType = sourcecode.swift; path = ShoppingAPI.swift; sourceTree = "<group>"; };
		095AFAF92D5B21C60078FD15 /* SearchSessionManager.swift */ = {isa = PBXFileReference; fileEncoding = 4; lastKnownFileType = sourcecode.swift; path = SearchSessionManager.swift; sourceTree = "<group>"; };
		095AFAFC2D5B22290078FD15 /* Search.storyboard */ = {isa = PBXFileReference; fileEncoding = 4; lastKnownFileType = file.storyboard; path = Search.storyboard; sourceTree = "<group>"; };
		095AFAFE2D5B22310078FD15 /* SearchViewController.swift */ = {isa = PBXFileReference; fileEncoding = 4; lastKnownFileType = sourcecode.swift; path = SearchViewController.swift; sourceTree = "<group>"; };
		095AFB002D5B22350078FD15 /* RecentSearchTableViewCell.swift */ = {isa = PBXFileReference; fileEncoding = 4; lastKnownFileType = sourcecode.swift; path = RecentSearchTableViewCell.swift; sourceTree = "<group>"; };
		095AFB022D5B22390078FD15 /* RecentSearchTableViewCell.xib */ = {isa = PBXFileReference; fileEncoding = 4; lastKnownFileType = file.xib; path = RecentSearchTableViewCell.xib; sourceTree = "<group>"; };
		095AFB042D5B22420078FD15 /* SearchResultViewController.swift */ = {isa = PBXFileReference; fileEncoding = 4; lastKnownFileType = sourcecode.swift; path = SearchResultViewController.swift; sourceTree = "<group>"; };
		095AFB062D5B22470078FD15 /* SearchResultCollectionViewCell.swift */ = {isa = PBXFileReference; fileEncoding = 4; lastKnownFileType = sourcecode.swift; path = SearchResultCollectionViewCell.swift; sourceTree = "<group>"; };
		095AFB082D5B22500078FD15 /* SearchResultCollectionViewCell.xib */ = {isa = PBXFileReference; fileEncoding = 4; lastKnownFileType = file.xib; path = SearchResultCollectionViewCell.xib; sourceTree = "<group>"; };
		095AFB0A2D5B22550078FD15 /* SearchDetailViewController.swift */ = {isa = PBXFileReference; fileEncoding = 4; lastKnownFileType = sourcecode.swift; path = SearchDetailViewController.swift; sourceTree = "<group>"; };
		095AFB0C2D5B24960078FD15 /* NumberFormatterManager.swift */ = {isa = PBXFileReference; lastKnownFileType = sourcecode.swift; path = NumberFormatterManager.swift; sourceTree = "<group>"; };
		095AFB0E2D5B2D090078FD15 /* SortCollectionViewCell.swift */ = {isa = PBXFileReference; lastKnownFileType = sourcecode.swift; path = SortCollectionViewCell.swift; sourceTree = "<group>"; };
		095AFB0F2D5B2D090078FD15 /* SortCollectionViewCell.xib */ = {isa = PBXFileReference; lastKnownFileType = file.xib; path = SortCollectionViewCell.xib; sourceTree = "<group>"; };
		095AFB132D5B34F00078FD15 /* PaddingLabel.swift */ = {isa = PBXFileReference; lastKnownFileType = sourcecode.swift; path = PaddingLabel.swift; sourceTree = "<group>"; };
		095AFB152D5B383A0078FD15 /* BaseCollectionViewCell.swift */ = {isa = PBXFileReference; lastKnownFileType = sourcecode.swift; path = BaseCollectionViewCell.swift; sourceTree = "<group>"; };
		095AFB172D5B38430078FD15 /* BaseTableViewCell.swift */ = {isa = PBXFileReference; lastKnownFileType = sourcecode.swift; path = BaseTableViewCell.swift; sourceTree = "<group>"; };
/* End PBXFileReference section */

/* Begin PBXFrameworksBuildPhase section */
		095AFA892D59DD500078FD15 /* Frameworks */ = {
			isa = PBXFrameworksBuildPhase;
			buildActionMask = 2147483647;
			files = (
				095AFAAD2D59E0860078FD15 /* Kingfisher in Frameworks */,
				095AFAAA2D59E07D0078FD15 /* Alamofire in Frameworks */,
			);
			runOnlyForDeploymentPostprocessing = 0;
		};
/* End PBXFrameworksBuildPhase section */

/* Begin PBXGroup section */
		095AFA832D59DD500078FD15 = {
			isa = PBXGroup;
			children = (
				095AFAA32D59DF2F0078FD15 /* .gitignore */,
				095AFA8E2D59DD500078FD15 /* Pickly */,
				095AFA8D2D59DD500078FD15 /* Products */,
			);
			sourceTree = "<group>";
		};
		095AFA8D2D59DD500078FD15 /* Products */ = {
			isa = PBXGroup;
			children = (
				095AFA8C2D59DD500078FD15 /* Pickly.app */,
			);
			name = Products;
			sourceTree = "<group>";
		};
		095AFA8E2D59DD500078FD15 /* Pickly */ = {
			isa = PBXGroup;
			children = (
				095AFABD2D59E4EE0078FD15 /* Onboarding */,
				095AFAC72D59E8780078FD15 /* Profile */,
				095AFAE12D59FC550078FD15 /* Setting */,
				095AFAFB2D5B221E0078FD15 /* Search */,
				095AFAA52D59DF510078FD15 /* Network */,
				095AFAC62D59E6CB0078FD15 /* Base */,
				095AFB122D5B34E40078FD15 /* Custom */,
				095AFAD82D59EA7E0078FD15 /* Manager */,
				095AFABA2D59E31C0078FD15 /* Extension */,
				095AFAB32D59E2310078FD15 /* DesignSystem */,
				095AFA8F2D59DD500078FD15 /* AppDelegate.swift */,
				095AFA912D59DD500078FD15 /* SceneDelegate.swift */,
				095AFA932D59DD500078FD15 /* ViewController.swift */,
				095AFA952D59DD500078FD15 /* Main.storyboard */,
				095AFA9A2D59DD520078FD15 /* LaunchScreen.storyboard */,
				095AFA982D59DD520078FD15 /* Assets.xcassets */,
				095AFA9D2D59DD520078FD15 /* Info.plist */,
			);
			path = Pickly;
			sourceTree = "<group>";
		};
		095AFAA52D59DF510078FD15 /* Network */ = {
			isa = PBXGroup;
			children = (
				095AFAF22D5B21090078FD15 /* Model */,
				095AFAA62D59DF580078FD15 /* APIKey.swift */,
				095AFAF52D5B21AC0078FD15 /* ShoppingAPI.swift */,
				095AFAF92D5B21C60078FD15 /* SearchSessionManager.swift */,
			);
			path = Network;
			sourceTree = "<group>";
		};
		095AFAB32D59E2310078FD15 /* DesignSystem */ = {
			isa = PBXGroup;
			children = (
				095AFAB82D59E3040078FD15 /* ColorStyle.swift */,
				095AFAB42D59E23F0078FD15 /* FontStyle.swift */,
			);
			path = DesignSystem;
			sourceTree = "<group>";
		};
		095AFABA2D59E31C0078FD15 /* Extension */ = {
			isa = PBXGroup;
			children = (
				095AFABB2D59E3450078FD15 /* UIColor+Extension.swift */,
				095AFAC22D59E6130078FD15 /* UIButton+Extension.swift */,
				095AFADF2D59EF950078FD15 /* UIImageView+Extension.swift */,
				095AFAD42D59E9600078FD15 /* UITextField+Extension.swift */,
				095AFADB2D59EE200078FD15 /* UIView+Extension.swift */,
				095AFAD62D59E9D00078FD15 /* UIViewController+Extension.swift */,
				095AFADD2D59EF4A0078FD15 /* UIScrollView+Extension.swift */,
				095AFAF02D59FF100078FD15 /* UIApplication+Extension.swift */,
			);
			path = Extension;
			sourceTree = "<group>";
		};
		095AFABD2D59E4EE0078FD15 /* Onboarding */ = {
			isa = PBXGroup;
			children = (
				095AFABE2D59E5580078FD15 /* Onboarding.storyboard */,
				095AFAC02D59E5600078FD15 /* OnboardingViewController.swift */,
			);
			path = Onboarding;
			sourceTree = "<group>";
		};
		095AFAC62D59E6CB0078FD15 /* Base */ = {
			isa = PBXGroup;
			children = (
				095AFAC42D59E6C80078FD15 /* BaseViewController.swift */,
				095AFB172D5B38430078FD15 /* BaseTableViewCell.swift */,
				095AFB152D5B383A0078FD15 /* BaseCollectionViewCell.swift */,
			);
			path = Base;
			sourceTree = "<group>";
		};
		095AFAC72D59E8780078FD15 /* Profile */ = {
			isa = PBXGroup;
			children = (
				095AFB192D5B47A80078FD15 /* Cell */,
				095AFAC82D59E8870078FD15 /* Profile.storyboard */,
				095AFACA2D59E88D0078FD15 /* ProfileViewController.swift */,
				095AFACC2D59E8920078FD15 /* ProfileImageViewController.swift */,
			);
			path = Profile;
			sourceTree = "<group>";
		};
		095AFAD82D59EA7E0078FD15 /* Manager */ = {
			isa = PBXGroup;
			children = (
				095AFAD92D59EA8E0078FD15 /* UserDefaultsManager.swift */,
				095AFAEE2D59FD960078FD15 /* TextProcessingManager.swift */,
				095AFB0C2D5B24960078FD15 /* NumberFormatterManager.swift */,
			);
			path = Manager;
			sourceTree = "<group>";
		};
		095AFAE12D59FC550078FD15 /* Setting */ = {
			isa = PBXGroup;
			children = (
				095AFB1A2D5B47B30078FD15 /* Cell */,
				095AFAE22D59FC600078FD15 /* Setting.storyboard */,
				095AFAE42D59FC650078FD15 /* SettingViewController.swift */,
			);
			path = Setting;
			sourceTree = "<group>";
		};
		095AFAF22D5B21090078FD15 /* Model */ = {
			isa = PBXGroup;
			children = (
				095AFAF32D5B211F0078FD15 /* Shopping.swift */,
			);
			path = Model;
			sourceTree = "<group>";
		};
		095AFAFB2D5B221E0078FD15 /* Search */ = {
			isa = PBXGroup;
			children = (
				095AFB1B2D5B47BE0078FD15 /* Cell */,
				095AFAFC2D5B22290078FD15 /* Search.storyboard */,
				095AFAFE2D5B22310078FD15 /* SearchViewController.swift */,
				095AFB042D5B22420078FD15 /* SearchResultViewController.swift */,
				095AFB0A2D5B22550078FD15 /* SearchDetailViewController.swift */,
			);
			path = Search;
			sourceTree = "<group>";
		};
		095AFB122D5B34E40078FD15 /* Custom */ = {
			isa = PBXGroup;
			children = (
				095AFB132D5B34F00078FD15 /* PaddingLabel.swift */,
			);
			path = Custom;
			sourceTree = "<group>";
		};
		095AFB192D5B47A80078FD15 /* Cell */ = {
			isa = PBXGroup;
			children = (
				095AFAD02D59E89C0078FD15 /* ProfileImageCollectionViewCell.xib */,
				095AFACE2D59E8970078FD15 /* ProfileImageCollectionViewCell.swift */,
			);
			path = Cell;
			sourceTree = "<group>";
		};
		095AFB1A2D5B47B30078FD15 /* Cell */ = {
			isa = PBXGroup;
			children = (
				095AFAE82D59FC730078FD15 /* ProfileTableViewCell.xib */,
				095AFAE62D59FC6B0078FD15 /* ProfileTableViewCell.swift */,
				095AFAEA2D59FC790078FD15 /* SettingTableViewCell.xib */,
				095AFAEC2D59FC7E0078FD15 /* SettingTableViewCell.swift */,
			);
			path = Cell;
			sourceTree = "<group>";
		};
		095AFB1B2D5B47BE0078FD15 /* Cell */ = {
			isa = PBXGroup;
			children = (
				095AFB022D5B22390078FD15 /* RecentSearchTableViewCell.xib */,
				095AFB002D5B22350078FD15 /* RecentSearchTableViewCell.swift */,
				095AFB082D5B22500078FD15 /* SearchResultCollectionViewCell.xib */,
				095AFB062D5B22470078FD15 /* SearchResultCollectionViewCell.swift */,
				095AFB0F2D5B2D090078FD15 /* SortCollectionViewCell.xib */,
				095AFB0E2D5B2D090078FD15 /* SortCollectionViewCell.swift */,
			);
			path = Cell;
			sourceTree = "<group>";
		};
/* End PBXGroup section */

/* Begin PBXNativeTarget section */
		095AFA8B2D59DD500078FD15 /* Pickly */ = {
			isa = PBXNativeTarget;
			buildConfigurationList = 095AFAA02D59DD520078FD15 /* Build configuration list for PBXNativeTarget "Pickly" */;
			buildPhases = (
				095AFA882D59DD500078FD15 /* Sources */,
				095AFA892D59DD500078FD15 /* Frameworks */,
				095AFA8A2D59DD500078FD15 /* Resources */,
			);
			buildRules = (
			);
			dependencies = (
			);
			name = Pickly;
			packageProductDependencies = (
				095AFAA92D59E07D0078FD15 /* Alamofire */,
				095AFAAC2D59E0860078FD15 /* Kingfisher */,
			);
			productName = Pickly;
			productReference = 095AFA8C2D59DD500078FD15 /* Pickly.app */;
			productType = "com.apple.product-type.application";
		};
/* End PBXNativeTarget section */

/* Begin PBXProject section */
		095AFA842D59DD500078FD15 /* Project object */ = {
			isa = PBXProject;
			attributes = {
				BuildIndependentTargetsInParallel = 1;
				LastSwiftUpdateCheck = 1510;
				LastUpgradeCheck = 1510;
				TargetAttributes = {
					095AFA8B2D59DD500078FD15 = {
						CreatedOnToolsVersion = 15.1;
					};
				};
			};
			buildConfigurationList = 095AFA872D59DD500078FD15 /* Build configuration list for PBXProject "Pickly" */;
			compatibilityVersion = "Xcode 14.0";
			developmentRegion = en;
			hasScannedForEncodings = 0;
			knownRegions = (
				en,
				Base,
			);
			mainGroup = 095AFA832D59DD500078FD15;
			packageReferences = (
				095AFAA82D59E07D0078FD15 /* XCRemoteSwiftPackageReference "Alamofire" */,
				095AFAAB2D59E0860078FD15 /* XCRemoteSwiftPackageReference "Kingfisher" */,
			);
			productRefGroup = 095AFA8D2D59DD500078FD15 /* Products */;
			projectDirPath = "";
			projectRoot = "";
			targets = (
				095AFA8B2D59DD500078FD15 /* Pickly */,
			);
		};
/* End PBXProject section */

/* Begin PBXResourcesBuildPhase section */
		095AFA8A2D59DD500078FD15 /* Resources */ = {
			isa = PBXResourcesBuildPhase;
			buildActionMask = 2147483647;
			files = (
				095AFAC92D59E8870078FD15 /* Profile.storyboard in Resources */,
				095AFB092D5B22500078FD15 /* SearchResultCollectionViewCell.xib in Resources */,
				095AFAD12D59E89C0078FD15 /* ProfileImageCollectionViewCell.xib in Resources */,
				095AFAA42D59DF2F0078FD15 /* .gitignore in Resources */,
				095AFABF2D59E5580078FD15 /* Onboarding.storyboard in Resources */,
				095AFA9C2D59DD520078FD15 /* LaunchScreen.storyboard in Resources */,
				095AFAE92D59FC730078FD15 /* ProfileTableViewCell.xib in Resources */,
				095AFA992D59DD520078FD15 /* Assets.xcassets in Resources */,
				095AFAFD2D5B22290078FD15 /* Search.storyboard in Resources */,
				095AFB032D5B22390078FD15 /* RecentSearchTableViewCell.xib in Resources */,
				095AFA972D59DD500078FD15 /* Main.storyboard in Resources */,
				095AFAEB2D59FC790078FD15 /* SettingTableViewCell.xib in Resources */,
				095AFB112D5B2D090078FD15 /* SortCollectionViewCell.xib in Resources */,
				095AFAE32D59FC600078FD15 /* Setting.storyboard in Resources */,
			);
			runOnlyForDeploymentPostprocessing = 0;
		};
/* End PBXResourcesBuildPhase section */

/* Begin PBXSourcesBuildPhase section */
		095AFA882D59DD500078FD15 /* Sources */ = {
			isa = PBXSourcesBuildPhase;
			buildActionMask = 2147483647;
			files = (
				095AFAED2D59FC7E0078FD15 /* SettingTableViewCell.swift in Sources */,
				095AFAEF2D59FD960078FD15 /* TextProcessingManager.swift in Sources */,
				095AFAD72D59E9D00078FD15 /* UIViewController+Extension.swift in Sources */,
				095AFAD52D59E9600078FD15 /* UITextField+Extension.swift in Sources */,
				095AFADA2D59EA8E0078FD15 /* UserDefaultsManager.swift in Sources */,
				095AFB0D2D5B24960078FD15 /* NumberFormatterManager.swift in Sources */,
				095AFA942D59DD500078FD15 /* ViewController.swift in Sources */,
				095AFB052D5B22420078FD15 /* SearchResultViewController.swift in Sources */,
				095AFAF62D5B21AC0078FD15 /* ShoppingAPI.swift in Sources */,
				095AFA902D59DD500078FD15 /* AppDelegate.swift in Sources */,
				095AFAC52D59E6C80078FD15 /* BaseViewController.swift in Sources */,
				095AFACD2D59E8920078FD15 /* ProfileImageViewController.swift in Sources */,
				095AFB072D5B22470078FD15 /* SearchResultCollectionViewCell.swift in Sources */,
				095AFAA72D59DF580078FD15 /* APIKey.swift in Sources */,
				095AFAF12D59FF100078FD15 /* UIApplication+Extension.swift in Sources */,
				095AFB102D5B2D090078FD15 /* SortCollectionViewCell.swift in Sources */,
				095AFAC32D59E6130078FD15 /* UIButton+Extension.swift in Sources */,
				095AFACF2D59E8970078FD15 /* ProfileImageCollectionViewCell.swift in Sources */,
				095AFAE02D59EF950078FD15 /* UIImageView+Extension.swift in Sources */,
				095AFB162D5B383A0078FD15 /* BaseCollectionViewCell.swift in Sources */,
				095AFACB2D59E88D0078FD15 /* ProfileViewController.swift in Sources */,
				095AFB182D5B38430078FD15 /* BaseTableViewCell.swift in Sources */,
				095AFADC2D59EE200078FD15 /* UIView+Extension.swift in Sources */,
				095AFAB92D59E3040078FD15 /* ColorStyle.swift in Sources */,
				095AFADE2D59EF4A0078FD15 /* UIScrollView+Extension.swift in Sources */,
				095AFB142D5B34F00078FD15 /* PaddingLabel.swift in Sources */,
				095AFAE72D59FC6B0078FD15 /* ProfileTableViewCell.swift in Sources */,
				095AFAF42D5B211F0078FD15 /* Shopping.swift in Sources */,
				095AFAFA2D5B21C60078FD15 /* SearchSessionManager.swift in Sources */,
				095AFB0B2D5B22560078FD15 /* SearchDetailViewController.swift in Sources */,
				095AFAE52D59FC650078FD15 /* SettingViewController.swift in Sources */,
				095AFA922D59DD500078FD15 /* SceneDelegate.swift in Sources */,
				095AFAB52D59E23F0078FD15 /* FontStyle.swift in Sources */,
				095AFB012D5B22350078FD15 /* RecentSearchTableViewCell.swift in Sources */,
				095AFAC12D59E5600078FD15 /* OnboardingViewController.swift in Sources */,
				095AFABC2D59E3450078FD15 /* UIColor+Extension.swift in Sources */,
				095AFAFF2D5B22310078FD15 /* SearchViewController.swift in Sources */,
			);
			runOnlyForDeploymentPostprocessing = 0;
		};
/* End PBXSourcesBuildPhase section */

/* Begin PBXVariantGroup section */
		095AFA952D59DD500078FD15 /* Main.storyboard */ = {
			isa = PBXVariantGroup;
			children = (
				095AFA962D59DD500078FD15 /* Base */,
			);
			name = Main.storyboard;
			sourceTree = "<group>";
		};
		095AFA9A2D59DD520078FD15 /* LaunchScreen.storyboard */ = {
			isa = PBXVariantGroup;
			children = (
				095AFA9B2D59DD520078FD15 /* Base */,
			);
			name = LaunchScreen.storyboard;
			sourceTree = "<group>";
		};
/* End PBXVariantGroup section */

/* Begin XCBuildConfiguration section */
		095AFA9E2D59DD520078FD15 /* Debug */ = {
			isa = XCBuildConfiguration;
			buildSettings = {
				ALWAYS_SEARCH_USER_PATHS = NO;
				ASSETCATALOG_COMPILER_GENERATE_SWIFT_ASSET_SYMBOL_EXTENSIONS = YES;
				CLANG_ANALYZER_NONNULL = YES;
				CLANG_ANALYZER_NUMBER_OBJECT_CONVERSION = YES_AGGRESSIVE;
				CLANG_CXX_LANGUAGE_STANDARD = "gnu++20";
				CLANG_ENABLE_MODULES = YES;
				CLANG_ENABLE_OBJC_ARC = YES;
				CLANG_ENABLE_OBJC_WEAK = YES;
				CLANG_WARN_BLOCK_CAPTURE_AUTORELEASING = YES;
				CLANG_WARN_BOOL_CONVERSION = YES;
				CLANG_WARN_COMMA = YES;
				CLANG_WARN_CONSTANT_CONVERSION = YES;
				CLANG_WARN_DEPRECATED_OBJC_IMPLEMENTATIONS = YES;
				CLANG_WARN_DIRECT_OBJC_ISA_USAGE = YES_ERROR;
				CLANG_WARN_DOCUMENTATION_COMMENTS = YES;
				CLANG_WARN_EMPTY_BODY = YES;
				CLANG_WARN_ENUM_CONVERSION = YES;
				CLANG_WARN_INFINITE_RECURSION = YES;
				CLANG_WARN_INT_CONVERSION = YES;
				CLANG_WARN_NON_LITERAL_NULL_CONVERSION = YES;
				CLANG_WARN_OBJC_IMPLICIT_RETAIN_SELF = YES;
				CLANG_WARN_OBJC_LITERAL_CONVERSION = YES;
				CLANG_WARN_OBJC_ROOT_CLASS = YES_ERROR;
				CLANG_WARN_QUOTED_INCLUDE_IN_FRAMEWORK_HEADER = YES;
				CLANG_WARN_RANGE_LOOP_ANALYSIS = YES;
				CLANG_WARN_STRICT_PROTOTYPES = YES;
				CLANG_WARN_SUSPICIOUS_MOVE = YES;
				CLANG_WARN_UNGUARDED_AVAILABILITY = YES_AGGRESSIVE;
				CLANG_WARN_UNREACHABLE_CODE = YES;
				CLANG_WARN__DUPLICATE_METHOD_MATCH = YES;
				COPY_PHASE_STRIP = NO;
				DEBUG_INFORMATION_FORMAT = dwarf;
				ENABLE_STRICT_OBJC_MSGSEND = YES;
				ENABLE_TESTABILITY = YES;
				ENABLE_USER_SCRIPT_SANDBOXING = YES;
				GCC_C_LANGUAGE_STANDARD = gnu17;
				GCC_DYNAMIC_NO_PIC = NO;
				GCC_NO_COMMON_BLOCKS = YES;
				GCC_OPTIMIZATION_LEVEL = 0;
				GCC_PREPROCESSOR_DEFINITIONS = (
					"DEBUG=1",
					"$(inherited)",
				);
				GCC_WARN_64_TO_32_BIT_CONVERSION = YES;
				GCC_WARN_ABOUT_RETURN_TYPE = YES_ERROR;
				GCC_WARN_UNDECLARED_SELECTOR = YES;
				GCC_WARN_UNINITIALIZED_AUTOS = YES_AGGRESSIVE;
				GCC_WARN_UNUSED_FUNCTION = YES;
				GCC_WARN_UNUSED_VARIABLE = YES;
				IPHONEOS_DEPLOYMENT_TARGET = 17.2;
				LOCALIZATION_PREFERS_STRING_CATALOGS = YES;
				MTL_ENABLE_DEBUG_INFO = INCLUDE_SOURCE;
				MTL_FAST_MATH = YES;
				ONLY_ACTIVE_ARCH = YES;
				SDKROOT = iphoneos;
				SWIFT_ACTIVE_COMPILATION_CONDITIONS = "DEBUG $(inherited)";
				SWIFT_OPTIMIZATION_LEVEL = "-Onone";
			};
			name = Debug;
		};
		095AFA9F2D59DD520078FD15 /* Release */ = {
			isa = XCBuildConfiguration;
			buildSettings = {
				ALWAYS_SEARCH_USER_PATHS = NO;
				ASSETCATALOG_COMPILER_GENERATE_SWIFT_ASSET_SYMBOL_EXTENSIONS = YES;
				CLANG_ANALYZER_NONNULL = YES;
				CLANG_ANALYZER_NUMBER_OBJECT_CONVERSION = YES_AGGRESSIVE;
				CLANG_CXX_LANGUAGE_STANDARD = "gnu++20";
				CLANG_ENABLE_MODULES = YES;
				CLANG_ENABLE_OBJC_ARC = YES;
				CLANG_ENABLE_OBJC_WEAK = YES;
				CLANG_WARN_BLOCK_CAPTURE_AUTORELEASING = YES;
				CLANG_WARN_BOOL_CONVERSION = YES;
				CLANG_WARN_COMMA = YES;
				CLANG_WARN_CONSTANT_CONVERSION = YES;
				CLANG_WARN_DEPRECATED_OBJC_IMPLEMENTATIONS = YES;
				CLANG_WARN_DIRECT_OBJC_ISA_USAGE = YES_ERROR;
				CLANG_WARN_DOCUMENTATION_COMMENTS = YES;
				CLANG_WARN_EMPTY_BODY = YES;
				CLANG_WARN_ENUM_CONVERSION = YES;
				CLANG_WARN_INFINITE_RECURSION = YES;
				CLANG_WARN_INT_CONVERSION = YES;
				CLANG_WARN_NON_LITERAL_NULL_CONVERSION = YES;
				CLANG_WARN_OBJC_IMPLICIT_RETAIN_SELF = YES;
				CLANG_WARN_OBJC_LITERAL_CONVERSION = YES;
				CLANG_WARN_OBJC_ROOT_CLASS = YES_ERROR;
				CLANG_WARN_QUOTED_INCLUDE_IN_FRAMEWORK_HEADER = YES;
				CLANG_WARN_RANGE_LOOP_ANALYSIS = YES;
				CLANG_WARN_STRICT_PROTOTYPES = YES;
				CLANG_WARN_SUSPICIOUS_MOVE = YES;
				CLANG_WARN_UNGUARDED_AVAILABILITY = YES_AGGRESSIVE;
				CLANG_WARN_UNREACHABLE_CODE = YES;
				CLANG_WARN__DUPLICATE_METHOD_MATCH = YES;
				COPY_PHASE_STRIP = NO;
				DEBUG_INFORMATION_FORMAT = "dwarf-with-dsym";
				ENABLE_NS_ASSERTIONS = NO;
				ENABLE_STRICT_OBJC_MSGSEND = YES;
				ENABLE_USER_SCRIPT_SANDBOXING = YES;
				GCC_C_LANGUAGE_STANDARD = gnu17;
				GCC_NO_COMMON_BLOCKS = YES;
				GCC_WARN_64_TO_32_BIT_CONVERSION = YES;
				GCC_WARN_ABOUT_RETURN_TYPE = YES_ERROR;
				GCC_WARN_UNDECLARED_SELECTOR = YES;
				GCC_WARN_UNINITIALIZED_AUTOS = YES_AGGRESSIVE;
				GCC_WARN_UNUSED_FUNCTION = YES;
				GCC_WARN_UNUSED_VARIABLE = YES;
				IPHONEOS_DEPLOYMENT_TARGET = 17.2;
				LOCALIZATION_PREFERS_STRING_CATALOGS = YES;
				MTL_ENABLE_DEBUG_INFO = NO;
				MTL_FAST_MATH = YES;
				SDKROOT = iphoneos;
				SWIFT_COMPILATION_MODE = wholemodule;
				VALIDATE_PRODUCT = YES;
			};
			name = Release;
		};
		095AFAA12D59DD520078FD15 /* Debug */ = {
			isa = XCBuildConfiguration;
			buildSettings = {
				ASSETCATALOG_COMPILER_APPICON_NAME = AppIcon;
				ASSETCATALOG_COMPILER_GLOBAL_ACCENT_COLOR_NAME = AccentColor;
				CODE_SIGN_STYLE = Automatic;
				CURRENT_PROJECT_VERSION = 1;
				DEVELOPMENT_TEAM = NLBNZ4T579;
				GENERATE_INFOPLIST_FILE = YES;
				INFOPLIST_FILE = Pickly/Info.plist;
				INFOPLIST_KEY_UIApplicationSupportsIndirectInputEvents = YES;
				INFOPLIST_KEY_UILaunchStoryboardName = LaunchScreen;
				INFOPLIST_KEY_UIMainStoryboardFile = Main;
				INFOPLIST_KEY_UISupportedInterfaceOrientations = UIInterfaceOrientationPortrait;
				INFOPLIST_KEY_UISupportedInterfaceOrientations_iPad = "UIInterfaceOrientationLandscapeLeft UIInterfaceOrientationLandscapeRight UIInterfaceOrientationPortrait UIInterfaceOrientationPortraitUpsideDown";
				IPHONEOS_DEPLOYMENT_TARGET = 16.0;
				LD_RUNPATH_SEARCH_PATHS = (
					"$(inherited)",
					"@executable_path/Frameworks",
				);
				MARKETING_VERSION = 1.0;
				PRODUCT_BUNDLE_IDENTIFIER = com.j.Pickly;
				PRODUCT_NAME = "$(TARGET_NAME)";
				SUPPORTED_PLATFORMS = "iphoneos iphonesimulator";
				SUPPORTS_MACCATALYST = NO;
				SUPPORTS_MAC_DESIGNED_FOR_IPHONE_IPAD = NO;
				SWIFT_EMIT_LOC_STRINGS = YES;
				SWIFT_VERSION = 5.0;
				TARGETED_DEVICE_FAMILY = 1;
			};
			name = Debug;
		};
		095AFAA22D59DD520078FD15 /* Release */ = {
			isa = XCBuildConfiguration;
			buildSettings = {
				ASSETCATALOG_COMPILER_APPICON_NAME = AppIcon;
				ASSETCATALOG_COMPILER_GLOBAL_ACCENT_COLOR_NAME = AccentColor;
				CODE_SIGN_STYLE = Automatic;
				CURRENT_PROJECT_VERSION = 1;
				DEVELOPMENT_TEAM = NLBNZ4T579;
				GENERATE_INFOPLIST_FILE = YES;
				INFOPLIST_FILE = Pickly/Info.plist;
				INFOPLIST_KEY_UIApplicationSupportsIndirectInputEvents = YES;
				INFOPLIST_KEY_UILaunchStoryboardName = LaunchScreen;
				INFOPLIST_KEY_UIMainStoryboardFile = Main;
				INFOPLIST_KEY_UISupportedInterfaceOrientations = UIInterfaceOrientationPortrait;
				INFOPLIST_KEY_UISupportedInterfaceOrientations_iPad = "UIInterfaceOrientationLandscapeLeft UIInterfaceOrientationLandscapeRight UIInterfaceOrientationPortrait UIInterfaceOrientationPortraitUpsideDown";
				IPHONEOS_DEPLOYMENT_TARGET = 16.0;
				LD_RUNPATH_SEARCH_PATHS = (
					"$(inherited)",
					"@executable_path/Frameworks",
				);
				MARKETING_VERSION = 1.0;
				PRODUCT_BUNDLE_IDENTIFIER = com.j.Pickly;
				PRODUCT_NAME = "$(TARGET_NAME)";
				SUPPORTED_PLATFORMS = "iphoneos iphonesimulator";
				SUPPORTS_MACCATALYST = NO;
				SUPPORTS_MAC_DESIGNED_FOR_IPHONE_IPAD = NO;
				SWIFT_EMIT_LOC_STRINGS = YES;
				SWIFT_VERSION = 5.0;
				TARGETED_DEVICE_FAMILY = 1;
			};
			name = Release;
		};
/* End XCBuildConfiguration section */

/* Begin XCConfigurationList section */
		095AFA872D59DD500078FD15 /* Build configuration list for PBXProject "Pickly" */ = {
			isa = XCConfigurationList;
			buildConfigurations = (
				095AFA9E2D59DD520078FD15 /* Debug */,
				095AFA9F2D59DD520078FD15 /* Release */,
			);
			defaultConfigurationIsVisible = 0;
			defaultConfigurationName = Release;
		};
		095AFAA02D59DD520078FD15 /* Build configuration list for PBXNativeTarget "Pickly" */ = {
			isa = XCConfigurationList;
			buildConfigurations = (
				095AFAA12D59DD520078FD15 /* Debug */,
				095AFAA22D59DD520078FD15 /* Release */,
			);
			defaultConfigurationIsVisible = 0;
			defaultConfigurationName = Release;
		};
/* End XCConfigurationList section */

/* Begin XCRemoteSwiftPackageReference section */
		095AFAA82D59E07D0078FD15 /* XCRemoteSwiftPackageReference "Alamofire" */ = {
			isa = XCRemoteSwiftPackageReference;
			repositoryURL = "https://github.com/Alamofire/Alamofire.git";
			requirement = {
				kind = upToNextMajorVersion;
				minimumVersion = 5.10.2;
			};
		};
		095AFAAB2D59E0860078FD15 /* XCRemoteSwiftPackageReference "Kingfisher" */ = {
			isa = XCRemoteSwiftPackageReference;
			repositoryURL = "https://github.com/onevcat/Kingfisher.git";
			requirement = {
				kind = upToNextMajorVersion;
				minimumVersion = 8.2.0;
			};
		};
/* End XCRemoteSwiftPackageReference section */

/* Begin XCSwiftPackageProductDependency section */
		095AFAA92D59E07D0078FD15 /* Alamofire */ = {
			isa = XCSwiftPackageProductDependency;
			package = 095AFAA82D59E07D0078FD15 /* XCRemoteSwiftPackageReference "Alamofire" */;
			productName = Alamofire;
		};
		095AFAAC2D59E0860078FD15 /* Kingfisher */ = {
			isa = XCSwiftPackageProductDependency;
			package = 095AFAAB2D59E0860078FD15 /* XCRemoteSwiftPackageReference "Kingfisher" */;
			productName = Kingfisher;
		};
/* End XCSwiftPackageProductDependency section */
	};
	rootObject = 095AFA842D59DD500078FD15 /* Project object */;
}
